{
  "nodes": {
    "disko": {
      "inputs": {
        "nixpkgs": [
          "nixpkgs"
        ]
      },
      "locked": {
        "lastModified": 1781152676,
        "narHash": "sha256-RxWs5ND31KzTG7wvMM+PMfUjyNpmIEr999lqNARaM5o=",
        "owner": "nix-community",
        "repo": "disko",
        "rev": "ff8702b4de27f72b4c78573dfb89ec74e36abdf1",
        "type": "github"
      },
      "original": {
        "owner": "nix-community",
        "repo": "disko",
        "type": "github"
      }
    },
    "emacs-overlay": {
      "inputs": {
        "nixpkgs": [
          "nixpkgs"
        ],
        "nixpkgs-stable": "nixpkgs-stable"
      },
      "locked": {
        "lastModified": 1787817392,
        "narHash": "sha256-zrKDBLNCOPEv4zqCMQEzaG/IYiGhfMViFpd0ffcOIT8=",
        "owner": "nix-community",
        "repo": "emacs-overlay",
        "rev": "8dc89caf030bdbae6019140e1d2451227f8e80e7",
        "type": "github"
      },
      "original": {
        "owner": "nix-community",
        "repo": "emacs-overlay",
        "type": "github"
      }
    },
    "emacs-overlay_2": {
      "inputs": {
        "nixpkgs": "nixpkgs",
        "nixpkgs-stable": "nixpkgs-stable_3"
      },
      "locked": {
        "lastModified": 1787817392,
        "narHash": "sha256-zrKDBLNCOPEv4zqCMQEzaG/IYiGhfMViFpd0ffcOIT8=",
        "owner": "nix-community",
        "repo": "emacs-overlay",
        "rev": "8dc89caf030bdbae6019140e1d2451227f8e80e7",
        "type": "github"
      },
      "original": {
        "owner": "nix-community",
        "repo": "emacs-overlay",
        "type": "github"
      }
    },
    "firefox-addons": {
      "inputs": {
        "nixpkgs": [
          "nixpkgs"
        ]
      },
      "locked": {
        "dir": "pkgs/firefox-addons",
        "lastModified": 1787803374,
        "narHash": "sha256-XifOWuQ0wKbmggLycJzG5nC4CXYrX0i5CpeOwYqZ56M=",
        "owner": "rycee",
        "repo": "nur-expressions",
        "rev": "36e9ecd6655041792fc07ba6ac5bd846a8f00994",
        "type": "gitlab"
      },
      "original": {
        "dir": "pkgs/firefox-addons",
        "owner": "rycee",
        "repo": "nur-expressions",
        "type": "gitlab"
      }
    },
    "home-manager": {
      "inputs": {
        "nixpkgs": [
          "nixpkgs"
        ]
      },
      "locked": {
        "lastModified": 1787377438,
        "narHash": "sha256-Sxu1NLTD/Ern6hFGLlZmtKCSct3YQXZI/lls8RE1XeM=",
        "owner": "nix-community",
        "repo": "home-manager",
        "rev": "65258d5c65a250189fde2e35f490d15e064c4c62",
        "type": "github"
      },
      "original": {
        "owner": "nix-community",
        "ref": "release-26.05",
        "repo": "home-manager",
        "type": "github"
      }
    },
    "home-manager_2": {
      "inputs": {
        "nixpkgs": [
          "zen-browser",
          "nixpkgs"
        ]
      },
      "locked": {
        "lastModified": 1786719456,
        "narHash": "sha256-B74DLQs/VjlqyhnnX3tguWwghqJHWSJX30TKZuAljIg=",
        "owner": "nix-community",
        "repo": "home-manager",
        "rev": "83b7606dcf44abe3a94b86e8bb2b3355d22e8797",
        "type": "github"
      },
      "original": {
        "owner": "nix-community",
        "repo": "home-manager",
        "type": "github"
      }
    },
    "matugen": {
      "inputs": {
        "nixpkgs": [
          "nixpkgs"
        ],
        "systems": "systems"
      },
      "locked": {
        "lastModified": 1787395013,
        "narHash": "sha256-AhQbhkLLdo+34IPn8b8Uino2HYbiisBSU5OHvIe+elw=",
        "owner": "InioX",
        "repo": "matugen",
        "rev": "826e16b8f34402f67de86d9374bd6fd1040e7304",
        "type": "github"
      },
      "original": {
        "owner": "InioX",
        "repo": "matugen",
        "type": "github"
      }
    },
    "niri": {
      "inputs": {
        "niri-stable": "niri-stable",
        "niri-unstable": "niri-unstable",
        "nixpkgs": [
          "nixpkgs"
        ],
        "nixpkgs-stable": "nixpkgs-stable_2",
        "xwayland-satellite-stable": "xwayland-satellite-stable",
        "xwayland-satellite-unstable": "xwayland-satellite-unstable"
      },
      "locked": {
        "lastModified": 1787786071,
        "narHash": "sha256-/c+xtPD4JRaCz6QROat2RGeEs4Ke1VIYmVRi3yLqAis=",
        "owner": "epireyn",
        "repo": "niri-flake",
        "rev": "027b2efb9fa5c91ce77b3855038fc22054851961",
        "type": "github"
      },
      "original": {
        "owner": "epireyn",
        "repo": "niri-flake",
        "type": "github"
      }
    },
    "niri-stable": {
      "flake": false,
      "locked": {
        "lastModified": 1777115961,
        "narHash": "sha256-ehSMsSpE+0k8r+2Vseu8kangsYxToZv3vinynsDp9zs=",
        "owner": "niri-wm",
        "repo": "niri",
        "rev": "8ed0da44d974c32c6877d2f4630c314da0717ecb",
        "type": "github"
      },
      "original": {
        "owner": "niri-wm",
        "ref": "v26.04",
        "repo": "niri",
        "type": "github"
      }
    },
    "niri-unstable": {
      "flake": false,
      "locked": {
        "lastModified": 1787337984,
        "narHash": "sha256-BNZUEVR2H96hCKENNKoLSSTFT8W4smp7v94hJc4Ehfc=",
        "owner": "niri-wm",
        "repo": "niri",
        "rev": "dd75865f547f0eac0e9b6c4d86d2cd00c0744252",
        "type": "github"
      },
      "original": {
        "owner": "niri-wm",
        "repo": "niri",
        "type": "github"
      }
    },
    "nix-flatpak": {
      "locked": {
        "lastModified": 1767983141,
        "narHash": "sha256-7ZCulYUD9RmJIDULTRkGLSW1faMpDlPKcbWJLYHoXcs=",
        "owner": "gmodena",
        "repo": "nix-flatpak",
        "rev": "440818969ac2cbd77bfe025e884d0aa528991374",
        "type": "github"
      },
      "original": {
        "owner": "gmodena",
        "ref": "latest",
        "repo": "nix-flatpak",
        "type": "github"
      }
    },
    "nixmacs": {
      "inputs": {
        "emacs-overlay": "emacs-overlay_2",
        "nixpkgs": [
          "nixpkgs-unstable"
        ]
      },
      "locked": {
        "lastModified": 1786396276,
        "narHash": "sha256-BdEGR3fQ4QvIsJoGBMWChnsHWv5jQKikTZVc7bmKsOM=",
        "owner": "petalmaya",
        "repo": "nixmacs",
        "rev": "2c19d5f88e48d98c6b88fee4b622c119f9929a28",
        "type": "github"
      },
      "original": {
        "owner": "petalmaya",
        "repo": "nixmacs",
        "type": "github"
      }
    },
    "nixpkgs": {
      "locked": {
        "lastModified": 1787498568,
        "narHash": "sha256-9i/VTdusq/+NM/tz+J1Re+ojkMB8MBf0QshnYfzHz30=",
        "owner": "NixOS",
        "repo": "nixpkgs",
        "rev": "56c02bc00adcf003215cc4bd996d6efaf4cff188",
        "type": "github"
      },
      "original": {
        "owner": "NixOS",
        "ref": "nixos-unstable",
        "repo": "nixpkgs",
        "type": "github"
      }
    },
    "nixpkgs-stable": {
      "locked": {
        "lastModified": 1787753485,
        "narHash": "sha256-BZWCi9ZRJiARTuKTbbtvFTj7t1TK4G3UEckT3HyNfRg=",
        "owner": "NixOS",
        "repo": "nixpkgs",
        "rev": "062346a6d85bc4b49dfaa61c986e9c5be21217d1",
        "type": "github"
      },
      "original": {
        "owner": "NixOS",
        "ref": "nixos-26.05",
        "repo": "nixpkgs",
        "type": "github"
      }
    },
    "nixpkgs-stable_2": {
      "locked": {
        "lastModified": 1787753485,
        "narHash": "sha256-BZWCi9ZRJiARTuKTbbtvFTj7t1TK4G3UEckT3HyNfRg=",
        "owner": "NixOS",
        "repo": "nixpkgs",
        "rev": "062346a6d85bc4b49dfaa61c986e9c5be21217d1",
        "type": "github"
      },
      "original": {
        "owner": "NixOS",
        "ref": "nixos-26.05",
        "repo": "nixpkgs",
        "type": "github"
      }
    },
    "nixpkgs-stable_3": {
      "locked": {
        "lastModified": 1787753485,
        "narHash": "sha256-BZWCi9ZRJiARTuKTbbtvFTj7t1TK4G3UEckT3HyNfRg=",
        "owner": "NixOS",
        "repo": "nixpkgs",
        "rev": "062346a6d85bc4b49dfaa61c986e9c5be21217d1",
        "type": "github"
      },
      "original": {
        "owner": "NixOS",
        "ref": "nixos-26.05",
        "repo": "nixpkgs",
        "type": "github"
      }
    },
    "nixpkgs-unstable": {
      "locked": {
        "lastModified": 1787498568,
        "narHash": "sha256-9i/VTdusq/+NM/tz+J1Re+ojkMB8MBf0QshnYfzHz30=",
        "owner": "nixos",
        "repo": "nixpkgs",
        "rev": "56c02bc00adcf003215cc4bd996d6efaf4cff188",
        "type": "github"
      },
      "original": {
        "owner": "nixos",
        "ref": "nixos-unstable",
        "repo": "nixpkgs",
        "type": "github"
      }
    },
    "nixpkgs_2": {
      "locked": {
        "lastModified": 1787753485,
        "narHash": "sha256-BZWCi9ZRJiARTuKTbbtvFTj7t1TK4G3UEckT3HyNfRg=",
        "owner": "nixos",
        "repo": "nixpkgs",
        "rev": "062346a6d85bc4b49dfaa61c986e9c5be21217d1",
        "type": "github"
      },
      "original": {
        "owner": "nixos",
        "ref": "nixos-26.05",
        "repo": "nixpkgs",
        "type": "github"
      }
    },
    "nixpkgs_3": {
      "locked": {
        "lastModified": 1787360063,
        "narHash": "sha256-95aJfHyQTLWslCXFVNB0odgmVkpdmDezQwTg9mhqV1E=",
        "rev": "2c423e03bbafcff28bfadc6781a4a8257f205cb5",
        "type": "tarball",
        "url": "https://releases.nixos.org/nixos/unstable/nixos-26.11pre1059570.2c423e03bbaf/nixexprs.tar.zst"
      },
      "original": {
        "type": "tarball",
        "url": "https://channels.nixos.org/nixos-unstable/nixexprs.tar.zst"
      }
    },
    "noctalia-greeter": {
      "inputs": {
        "nixpkgs": [
          "nixpkgs"
        ]
      },
      "locked": {
        "lastModified": 1787482410,
        "narHash": "sha256-R32LF+S4NnmJwSnzt5xKjb15RjYemb/ZZRnDnP5lxfs=",
        "owner": "noctalia-dev",
        "repo": "noctalia-greeter",
        "rev": "5956c6f40249b2837bb260d25ea3953a2631fbdc",
        "type": "github"
      },
      "original": {
        "owner": "noctalia-dev",
        "repo": "noctalia-greeter",
        "type": "github"
      }
    },
    "noctalia-shell": {
      "inputs": {
        "nixpkgs": "nixpkgs_3"
      },
      "locked": {
        "lastModified": 1787836896,
        "narHash": "sha256-I9Bs9scEn3OiqYVi4YaR7QCFnubrk1IL9Ru26OHbiqg=",
        "owner": "noctalia-dev",
        "repo": "noctalia-shell",
        "rev": "f96a407deb109c9db6f29db75e6fe487a5289e02",
        "type": "github"
      },
      "original": {
        "owner": "noctalia-dev",
        "repo": "noctalia-shell",
        "type": "github"
      }
    },
    "quickshell": {
      "inputs": {
        "nixpkgs": [
          "nixpkgs"
        ]
      },
      "locked": {
        "lastModified": 1787726213,
        "narHash": "sha256-HgPjiNu7XljYr7WDBriTDggCxvvHcjK2dnQjrWc2qbI=",
        "owner": "quickshell-mirror",
        "repo": "quickshell",
        "rev": "0f9939ca4fac3a1db3653c51a3c23ca9812e2946",
        "type": "github"
      },
      "original": {
        "owner": "quickshell-mirror",
        "repo": "quickshell",
        "type": "github"
      }
    },
    "root": {
      "inputs": {
        "disko": "disko",
        "emacs-overlay": "emacs-overlay",
        "firefox-addons": "firefox-addons",
        "home-manager": "home-manager",
        "matugen": "matugen",
        "niri": "niri",
        "nix-flatpak": "nix-flatpak",
        "nixmacs": "nixmacs",
        "nixpkgs": "nixpkgs_2",
        "nixpkgs-unstable": "nixpkgs-unstable",
        "noctalia-greeter": "noctalia-greeter",
        "noctalia-shell": "noctalia-shell",
        "quickshell": "quickshell",
        "sops-nix": "sops-nix",
        "spicetify-nix": "spicetify-nix",
        "zen-browser": "zen-browser"
      }
    },
    "sops-nix": {
      "inputs": {
        "nixpkgs": [
          "nixpkgs"
        ]
      },
      "locked": {
        "lastModified": 1786629091,
        "narHash": "sha256-gkig4nPi1CWc4Z50GBsjE4ygSE7hMpl/TwID2an2Cck=",
        "owner": "Mic92",
        "repo": "sops-nix",
        "rev": "a8627b21b9107c5711c96b84f32a9a4b3d45295f",
        "type": "github"
      },
      "original": {
        "owner": "Mic92",
        "repo": "sops-nix",
        "type": "github"
      }
    },
    "spicetify-nix": {
      "inputs": {
        "nixpkgs": [
          "nixpkgs"
        ],
        "systems": "systems_2"
      },
      "locked": {
        "lastModified": 1787460061,
        "narHash": "sha256-r2FJY01jRVhrZIKPdhQ3QFYsAz3wjilWTMSSH7VMOeo=",
        "owner": "Gerg-L",
        "repo": "spicetify-nix",
        "rev": "a8adfd6f9f341dd586d5c06dda3bbfa21c6014e7",
        "type": "github"
      },
      "original": {
        "owner": "Gerg-L",
        "repo": "spicetify-nix",
        "type": "github"
      }
    },
    "systems": {
      "locked": {
        "lastModified": 1689347949,
        "narHash": "sha256-12tWmuL2zgBgZkdoB6qXZsgJEH9LR3oUgpaQq2RbI80=",
        "owner": "nix-systems",
        "repo": "default-linux",
        "rev": "31732fcf5e8fea42e59c2488ad31a0e651500f68",
        "type": "github"
      },
      "original": {
        "owner": "nix-systems",
        "repo": "default-linux",
        "type": "github"
      }
    },
    "systems_2": {
      "locked": {
        "lastModified": 1681028828,
        "narHash": "sha256-Vy1rq5AaRuLzOxct8nz4T6wlgyUR7zLU309k9mBC768=",
        "owner": "nix-systems",
        "repo": "default",
        "rev": "da67096a3b9bf56a91d16901293e51ba5b49a27e",
        "type": "github"
      },
      "original": {
        "owner": "nix-systems",
        "repo": "default",
        "type": "github"
      }
    },
    "xwayland-satellite-stable": {
      "flake": false,
      "locked": {
        "lastModified": 1784679892,
        "narHash": "sha256-Mb7jpqnrcYCfNSItIkkHpuR3YxWFxPuIBfcwNKlRBkk=",
        "owner": "Supreeeme",
        "repo": "xwayland-satellite",
        "rev": "8d135d3b2854b30fd01ea6cd6c27e523dd50a839",
        "type": "github"
      },
      "original": {
        "owner": "Supreeeme",
        "ref": "v0.8.2",
        "repo": "xwayland-satellite",
        "type": "github"
      }
    },
    "xwayland-satellite-unstable": {
      "flake": false,
      "locked": {
        "lastModified": 1786221058,
        "narHash": "sha256-hF2atQzapHBLX5NFqJMcKZAWHfGkKQeNu1eQr46+AGg=",
        "owner": "Supreeeme",
        "repo": "xwayland-satellite",
        "rev": "3bc915f09dd62bb2651a715114f9d140344bc6c1",
        "type": "github"
      },
      "original": {
        "owner": "Supreeeme",
        "repo": "xwayland-satellite",
        "type": "github"
      }
    },
    "zen-browser": {
      "inputs": {
        "home-manager": "home-manager_2",
        "nixpkgs": [
          "nixpkgs"
        ]
      },
      "locked": {
        "lastModified": 1787755420,
        "narHash": "sha256-zEFcjyktjqw6/pf6cpdJ3tfQWVBxtwefpM21sfsQlDQ=",
        "owner": "0xc000022070",
        "repo": "zen-browser-flake",
        "rev": "9d4c06e748263a3db275d79f31c8105166ae8584",
        "type": "github"
      },
      "original": {
        "owner": "0xc000022070",
        "repo": "zen-browser-flake",
        "type": "github"
      }
    }
  },
  "root": "root",
  "version": 7
}
